// !$*UTF8*$!
{
	archiveVersion = 1;
	classes = {
	};
	objectVersion = 50;
	objects = {

/* Begin PBXBuildFile section */
		B022BB2A25A95AFE00E4BE02 /* charleyrivers.jpg in Resources */ = {isa = PBXBuildFile; fileRef = B022BB1C25A95AFE00E4BE02 /* charleyrivers.jpg */; };
		B022BB2B25A95AFE00E4BE02 /* turtlerock.jpg in Resources */ = {isa = PBXBuildFile; fileRef = B022BB1D25A95AFE00E4BE02 /* turtlerock.jpg */; };
		B022BB2C25A95AFE00E4BE02 /* silversalmoncreek.jpg in Resources */ = {isa = PBXBuildFile; fileRef = B022BB1E25A95AFE00E4BE02 /* silversalmoncreek.jpg */; };
		B022BB2D25A95AFE00E4BE02 /* hikeData.json in Resources */ = {isa = PBXBuildFile; fileRef = B022BB1F25A95AFE00E4BE02 /* hikeData.json */; };
		B022BB2E25A95AFE00E4BE02 /* icybay.jpg in Resources */ = {isa = PBXBuildFile; fileRef = B022BB2025A95AFE00E4BE02 /* icybay.jpg */; };
		B022BB2F25A95AFE00E4BE02 /* lakemcdonald.jpg in Resources */ = {isa = PBXBuildFile; fileRef = B022BB2125A95AFE00E4BE02 /* lakemcdonald.jpg */; };
		B022BB3025A95AFE00E4BE02 /* hiddenlake.jpg in Resources */ = {isa = PBXBuildFile; fileRef = B022BB2225A95AFE00E4BE02 /* hiddenlake.jpg */; };
		B022BB3125A95AFE00E4BE02 /* twinlake.jpg in Resources */ = {isa = PBXBuildFile; fileRef = B022BB2325A95AFE00E4BE02 /* twinlake.jpg */; };
		B022BB3225A95AFE00E4BE02 /* umbagog.jpg in Resources */ = {isa = PBXBuildFile; fileRef = B022BB2425A95AFE00E4BE02 /* umbagog.jpg */; };
		B022BB3325A95AFE00E4BE02 /* landmarkData.json in Resources */ = {isa = PBXBuildFile; fileRef = B022BB2525A95AFE00E4BE02 /* landmarkData.json */; };
		B022BB3425A95AFE00E4BE02 /* chincoteague.jpg in Resources */ = {isa = PBXBuildFile; fileRef = B022BB2625A95AFE00E4BE02 /* chincoteague.jpg */; };
		B022BB3525A95AFE00E4BE02 /* stmarylake.jpg in Resources */ = {isa = PBXBuildFile; fileRef = B022BB2725A95AFE00E4BE02 /* stmarylake.jpg */; };
		B022BB3625A95AFE00E4BE02 /* chilkoottrail.jpg in Resources */ = {isa = PBXBuildFile; fileRef = B022BB2825A95AFE00E4BE02 /* chilkoottrail.jpg */; };
		B022BB3725A95AFE00E4BE02 /* rainbowlake.jpg in Resources */ = {isa = PBXBuildFile; fileRef = B022BB2925A95AFE00E4BE02 /* rainbowlake.jpg */; };
		B022BB3C25A95B3100E4BE02 /* CircleImage.swift in Sources */ = {isa = PBXBuildFile; fileRef = B022BB3B25A95B3100E4BE02 /* CircleImage.swift */; };
		B06CBB5825A958510009AC43 /* SampleApp.swift in Sources */ = {isa = PBXBuildFile; fileRef = B06CBB5725A958510009AC43 /* SampleApp.swift */; };
		B06CBB5A25A958510009AC43 /* ContentView.swift in Sources */ = {isa = PBXBuildFile; fileRef = B06CBB5925A958510009AC43 /* ContentView.swift */; };
		B06CBB5C25A958510009AC43 /* Assets.xcassets in Resources */ = {isa = PBXBuildFile; fileRef = B06CBB5B25A958510009AC43 /* Assets.xcassets */; };
		B06CBB5F25A958510009AC43 /* Preview Assets.xcassets in Resources */ = {isa = PBXBuildFile; fileRef = B06CBB5E25A958510009AC43 /* Preview Assets.xcassets */; };
		B06CBB6A25A958510009AC43 /* SampleTests.swift in Sources */ = {isa = PBXBuildFile; fileRef = B06CBB6925A958510009AC43 /* SampleTests.swift */; };
		B06CBB7525A958510009AC43 /* SampleUITests.swift in Sources */ = {isa = PBXBuildFile; fileRef = B06CBB7425A958510009AC43 /* SampleUITests.swift */; };
/* End PBXBuildFile section */

/* Begin PBXContainerItemProxy section */
		B06CBB6625A958510009AC43 /* PBXContainerItemProxy */ = {
			isa = PBXContainerItemProxy;
			containerPortal = B06CBB4C25A958500009AC43 /* Project object */;
			proxyType = 1;
			remoteGlobalIDString = B06CBB5325A958510009AC43;
			remoteInfo = Sample;
		};
		B06CBB7125A958510009AC43 /* PBXContainerItemProxy */ = {
			isa = PBXContainerItemProxy;
			containerPortal = B06CBB4C25A958500009AC43 /* Project object */;
			proxyType = 1;
			remoteGlobalIDString = B06CBB5325A958510009AC43;
			remoteInfo = Sample;
		};
/* End PBXContainerItemProxy section */

/* Begin PBXFileReference section */
		B022BB1C25A95AFE00E4BE02 /* charleyrivers.jpg */ = {isa = PBXFileReference; lastKnownFileType = image.jpeg; path = charleyrivers.jpg; sourceTree = "<group>"; };
		B022BB1D25A95AFE00E4BE02 /* turtlerock.jpg */ = {isa = PBXFileReference; lastKnownFileType = image.jpeg; path = turtlerock.jpg; sourceTree = "<group>"; };
		B022BB1E25A95AFE00E4BE02 /* silversalmoncreek.jpg */ = {isa = PBXFileReference; lastKnownFileType = image.jpeg; path = silversalmoncreek.jpg; sourceTree = "<group>"; };
		B022BB1F25A95AFE00E4BE02 /* hikeData.json */ = {isa = PBXFileReference; fileEncoding = 4; lastKnownFileType = text.json; path = hikeData.json; sourceTree = "<group>"; };
		B022BB2025A95AFE00E4BE02 /* icybay.jpg */ = {isa = PBXFileReference; lastKnownFileType = image.jpeg; path = icybay.jpg; sourceTree = "<group>"; };
		B022BB2125A95AFE00E4BE02 /* lakemcdonald.jpg */ = {isa = PBXFileReference; lastKnownFileType = image.jpeg; path = lakemcdonald.jpg; sourceTree = "<group>"; };
		B022BB2225A95AFE00E4BE02 /* hiddenlake.jpg */ = {isa = PBXFileReference; lastKnownFileType = image.jpeg; path = hiddenlake.jpg; sourceTree = "<group>"; };
		B022BB2325A95AFE00E4BE02 /* twinlake.jpg */ = {isa = PBXFileReference; lastKnownFileType = image.jpeg; path = twinlake.jpg; sourceTree = "<group>"; };
		B022BB2425A95AFE00E4BE02 /* umbagog.jpg */ = {isa = PBXFileReference; lastKnownFileType = image.jpeg; path = umbagog.jpg; sourceTree = "<group>"; };
		B022BB2525A95AFE00E4BE02 /* landmarkData.json */ = {isa = PBXFileReference; fileEncoding = 4; lastKnownFileType = text.json; path = landmarkData.json; sourceTree = "<group>"; };
		B022BB2625A95AFE00E4BE02 /* chincoteague.jpg */ = {isa = PBXFileReference; lastKnownFileType = image.jpeg; path = chincoteague.jpg; sourceTree = "<group>"; };
		B022BB2725A95AFE00E4BE02 /* stmarylake.jpg */ = {isa = PBXFileReference; lastKnownFileType = image.jpeg; path = stmarylake.jpg; sourceTree = "<group>"; };
		B022BB2825A95AFE00E4BE02 /* chilkoottrail.jpg */ = {isa = PBXFileReference; lastKnownFileType = image.jpeg; path = chilkoottrail.jpg; sourceTree = "<group>"; };
		B022BB2925A95AFE00E4BE02 /* rainbowlake.jpg */ = {isa = PBXFileReference; lastKnownFileType = image.jpeg; path = rainbowlake.jpg; sourceTree = "<group>"; };
		B022BB3B25A95B3100E4BE02 /* CircleImage.swift */ = {isa = PBXFileReference; lastKnownFileType = sourcecode.swift; path = CircleImage.swift; sourceTree = "<group>"; };
		B06CBB5425A958510009AC43 /* Sample.app */ = {isa = PBXFileReference; explicitFileType = wrapper.application; includeInIndex = 0; path = Sample.app; sourceTree = BUILT_PRODUCTS_DIR; };
		B06CBB5725A958510009AC43 /* SampleApp.swift */ = {isa = PBXFileReference; lastKnownFileType = sourcecode.swift; path = SampleApp.swift; sourceTree = "<group>"; };
		B06CBB5925A958510009AC43 /* ContentView.swift */ = {isa = PBXFileReference; lastKnownFileType = sourcecode.swift; path = ContentView.swift; sourceTree = "<group>"; };
		B06CBB5B25A958510009AC43 /* Assets.xcassets */ = {isa = PBXFileReference; lastKnownFileType = folder.assetcatalog; path = Assets.xcassets; sourceTree = "<group>"; };
		B06CBB5E25A958510009AC43 /* Preview Assets.xcassets */ = {isa = PBXFileReference; lastKnownFileType = folder.assetcatalog; path = "Preview Assets.xcassets"; sourceTree = "<group>"; };
		B06CBB6025A958510009AC43 /* Info.plist */ = {isa = PBXFileReference; lastKnownFileType = text.plist.xml; path = Info.plist; sourceTree = "<group>"; };
		B06CBB6525A958510009AC43 /* SampleTests.xctest */ = {isa = PBXFileReference; explicitFileType = wrapper.cfbundle; includeInIndex = 0; path = SampleTests.xctest; sourceTree = BUILT_PRODUCTS_DIR; };
		B06CBB6925A958510009AC43 /* SampleTests.swift */ = {isa = PBXFileReference; lastKnownFileType = sourcecode.swift; path = SampleTests.swift; sourceTree = "<group>"; };
		B06CBB6B25A958510009AC43 /* Info.plist */ = {isa = PBXFileReference; lastKnownFileType = text.plist.xml; path = Info.plist; sourceTree = "<group>"; };
		B06CBB7025A958510009AC43 /* SampleUITests.xctest */ = {isa = PBXFileReference; explicitFileType = wrapper.cfbundle; includeInIndex = 0; path = SampleUITests.xctest; sourceTree = BUILT_PRODUCTS_DIR; };
		B06CBB7425A958510009AC43 /* SampleUITests.swift */ = {isa = PBXFileReference; lastKnownFileType = sourcecode.swift; path = SampleUITests.swift; sourceTree = "<group>"; };
		B06CBB7625A958510009AC43 /* Info.plist */ = {isa = PBXFileReference; lastKnownFileType = text.plist.xml; path = Info.plist; sourceTree = "<group>"; };
/* End PBXFileReference section */

/* Begin PBXFrameworksBuildPhase section */
		B06CBB5125A958510009AC43 /* Frameworks */ = {
			isa = PBXFrameworksBuildPhase;
			buildActionMask = 2147483647;
			files = (
			);
			runOnlyForDeploymentPostprocessing = 0;
		};
		B06CBB6225A958510009AC43 /* Frameworks */ = {
			isa = PBXFrameworksBuildPhase;
			buildActionMask = 2147483647;
			files = (
			);
			runOnlyForDeploymentPostprocessing = 0;
		};
		B06CBB6D25A958510009AC43 /* Frameworks */ = {
			isa = PBXFrameworksBuildPhase;
			buildActionMask = 2147483647;
			files = (
			);
			runOnlyForDeploymentPostprocessing = 0;
		};
/* End PBXFrameworksBuildPhase section */

/* Begin PBXGroup section */
		B022BB1B25A95AFE00E4BE02 /* Resources */ = {
			isa = PBXGroup;
			children = (
				B022BB1C25A95AFE00E4BE02 /* charleyrivers.jpg */,
				B022BB1D25A95AFE00E4BE02 /* turtlerock.jpg */,
				B022BB1E25A95AFE00E4BE02 /* silversalmoncreek.jpg */,
				B022BB1F25A95AFE00E4BE02 /* hikeData.json */,
				B022BB2025A95AFE00E4BE02 /* icybay.jpg */,
				B022BB2125A95AFE00E4BE02 /* lakemcdonald.jpg */,
				B022BB2225A95AFE00E4BE02 /* hiddenlake.jpg */,
				B022BB2325A95AFE00E4BE02 /* twinlake.jpg */,
				B022BB2425A95AFE00E4BE02 /* umbagog.jpg */,
				B022BB2525A95AFE00E4BE02 /* landmarkData.json */,
				B022BB2625A95AFE00E4BE02 /* chincoteague.jpg */,
				B022BB2725A95AFE00E4BE02 /* stmarylake.jpg */,
				B022BB2825A95AFE00E4BE02 /* chilkoottrail.jpg */,
				B022BB2925A95AFE00E4BE02 /* rainbowlake.jpg */,
			);
			name = Resources;
			path = ../../../Downloads/Resources;
			sourceTree = "<group>";
		};
		B06CBB4B25A958500009AC43 = {
			isa = PBXGroup;
			children = (
				B06CBB5625A958510009AC43 /* Sample */,
				B06CBB6825A958510009AC43 /* SampleTests */,
				B06CBB7325A958510009AC43 /* SampleUITests */,
				B06CBB5525A958510009AC43 /* Products */,
			);
			sourceTree = "<group>";
		};
		B06CBB5525A958510009AC43 /* Products */ = {
			isa = PBXGroup;
			children = (
				B06CBB5425A958510009AC43 /* Sample.app */,
				B06CBB6525A958510009AC43 /* SampleTests.xctest */,
				B06CBB7025A958510009AC43 /* SampleUITests.xctest */,
			);
			name = Products;
			sourceTree = "<group>";
		};
		B06CBB5625A958510009AC43 /* Sample */ = {
			isa = PBXGroup;
			children = (
				B06CBB5725A958510009AC43 /* SampleApp.swift */,
				B06CBB5925A958510009AC43 /* ContentView.swift */,
				B022BB1B25A95AFE00E4BE02 /* Resources */,
				B06CBB5B25A958510009AC43 /* Assets.xcassets */,
				B022BB3B25A95B3100E4BE02 /* CircleImage.swift */,
				B06CBB6025A958510009AC43 /* Info.plist */,
				B06CBB5D25A958510009AC43 /* Preview Content */,
			);
			path = Sample;
			sourceTree = "<group>";
		};
		B06CBB5D25A958510009AC43 /* Preview Content */ = {
			isa = PBXGroup;
			children = (
				B06CBB5E25A958510009AC43 /* Preview Assets.xcassets */,
			);
			path = "Preview Content";
			sourceTree = "<group>";
		};
		B06CBB6825A958510009AC43 /* SampleTests */ = {
			isa = PBXGroup;
			children = (
				B06CBB6925A958510009AC43 /* SampleTests.swift */,
				B06CBB6B25A958510009AC43 /* Info.plist */,
			);
			path = SampleTests;
			sourceTree = "<group>";
		};
		B06CBB7325A958510009AC43 /* SampleUITests */ = {
			isa = PBXGroup;
			children = (
				B06CBB7425A958510009AC43 /* SampleUITests.swift */,
				B06CBB7625A958510009AC43 /* Info.plist */,
			);
			path = SampleUITests;
			sourceTree = "<group>";
		};
/* End PBXGroup section */

/* Begin PBXNativeTarget section */
		B06CBB5325A958510009AC43 /* Sample */ = {
			isa = PBXNativeTarget;
			buildConfigurationList = B06CBB7925A958510009AC43 /* Build configuration list for PBXNativeTarget "Sample" */;
			buildPhases = (
				B06CBB5025A958510009AC43 /* Sources */,
				B06CBB5125A958510009AC43 /* Frameworks */,
				B06CBB5225A958510009AC43 /* Resources */,
			);
			buildRules = (
			);
			dependencies = (
			);
			name = Sample;
			productName = Sample;
			productReference = B06CBB5425A958510009AC43 /* Sample.app */;
			productType = "com.apple.product-type.application";
		};
		B06CBB6425A958510009AC43 /* SampleTests */ = {
			isa = PBXNativeTarget;
			buildConfigurationList = B06CBB7C25A958510009AC43 /* Build configuration list for PBXNativeTarget "SampleTests" */;
			buildPhases = (
				B06CBB6125A958510009AC43 /* Sources */,
				B06CBB6225A958510009AC43 /* Frameworks */,
				B06CBB6325A958510009AC43 /* Resources */,
			);
			buildRules = (
			);
			dependencies = (
				B06CBB6725A958510009AC43 /* PBXTargetDependency */,
			);
			name = SampleTests;
			productName = SampleTests;
			productReference = B06CBB6525A958510009AC43 /* SampleTests.xctest */;
			productType = "com.apple.product-type.bundle.unit-test";
		};
		B06CBB6F25A958510009AC43 /* SampleUITests */ = {
			isa = PBXNativeTarget;
			buildConfigurationList = B06CBB7F25A958510009AC43 /* Build configuration list for PBXNativeTarget "SampleUITests" */;
			buildPhases = (
				B06CBB6C25A958510009AC43 /* Sources */,
				B06CBB6D25A958510009AC43 /* Frameworks */,
				B06CBB6E25A958510009AC43 /* Resources */,
			);
			buildRules = (
			);
			dependencies = (
				B06CBB7225A958510009AC43 /* PBXTargetDependency */,
			);
			name = SampleUITests;
			productName = SampleUITests;
			productReference = B06CBB7025A958510009AC43 /* SampleUITests.xctest */;
			productType = "com.apple.product-type.bundle.ui-testing";
		};
/* End PBXNativeTarget section */

/* Begin PBXProject section */
		B06CBB4C25A958500009AC43 /* Project object */ = {
			isa = PBXProject;
			attributes = {
				LastSwiftUpdateCheck = 1230;
				LastUpgradeCheck = 1230;
				TargetAttributes = {
					B06CBB5325A958510009AC43 = {
						CreatedOnToolsVersion = 12.3;
					};
					B06CBB6425A958510009AC43 = {
						CreatedOnToolsVersion = 12.3;
						TestTargetID = B06CBB5325A958510009AC43;
					};
					B06CBB6F25A958510009AC43 = {
						CreatedOnToolsVersion = 12.3;
						TestTargetID = B06CBB5325A958510009AC43;
					};
				};
			};
			buildConfigurationList = B06CBB4F25A958500009AC43 /* Build configuration list for PBXProject "Sample" */;
			compatibilityVersion = "Xcode 9.3";
			developmentRegion = en;
			hasScannedForEncodings = 0;
			knownRegions = (
				en,
				Base,
			);
			mainGroup = B06CBB4B25A958500009AC43;
			productRefGroup = B06CBB5525A958510009AC43 /* Products */;
			projectDirPath = "";
			projectRoot = "";
			targets = (
				B06CBB5325A958510009AC43 /* Sample */,
				B06CBB6425A958510009AC43 /* SampleTests */,
				B06CBB6F25A958510009AC43 /* SampleUITests */,
			);
		};
/* End PBXProject section */

/* Begin PBXResourcesBuildPhase section */
		B06CBB5225A958510009AC43 /* Resources */ = {
			isa = PBXResourcesBuildPhase;
			buildActionMask = 2147483647;
			files = (
				B022BB2C25A95AFE00E4BE02 /* silversalmoncreek.jpg in Resources */,
				B022BB2B25A95AFE00E4BE02 /* turtlerock.jpg in Resources */,
				B022BB2A25A95AFE00E4BE02 /* charleyrivers.jpg in Resources */,
				B06CBB5F25A958510009AC43 /* Preview Assets.xcassets in Resources */,
				B022BB2D25A95AFE00E4BE02 /* hikeData.json in Resources */,
				B022BB3425A95AFE00E4BE02 /* chincoteague.jpg in Resources */,
				B022BB3525A95AFE00E4BE02 /* stmarylake.jpg in Resources */,
				B022BB3325A95AFE00E4BE02 /* landmarkData.json in Resources */,
				B022BB2E25A95AFE00E4BE02 /* icybay.jpg in Resources */,
				B022BB3125A95AFE00E4BE02 /* twinlake.jpg in Resources */,
				B022BB2F25A95AFE00E4BE02 /* lakemcdonald.jpg in Resources */,
				B022BB3025A95AFE00E4BE02 /* hiddenlake.jpg in Resources */,
				B022BB3225A95AFE00E4BE02 /* umbagog.jpg in Resources */,
				B022BB3725A95AFE00E4BE02 /* rainbowlake.jpg in Resources */,
				B022BB3625A95AFE00E4BE02 /* chilkoottrail.jpg in Resources */,
				B06CBB5C25A958510009AC43 /* Assets.xcassets in Resources */,
			);
			runOnlyForDeploymentPostprocessing = 0;
		};
		B06CBB6325A958510009AC43 /* Resources */ = {
			isa = PBXResourcesBuildPhase;
			buildActionMask = 2147483647;
			files = (
			);
			runOnlyForDeploymentPostprocessing = 0;
		};
		B06CBB6E25A958510009AC43 /* Resources */ = {
			isa = PBXResourcesBuildPhase;
			buildActionMask = 2147483647;
			files = (
			);
			runOnlyForDeploymentPostprocessing = 0;
		};
/* End PBXResourcesBuildPhase section */

/* Begin PBXSourcesBuildPhase section */
		B06CBB5025A958510009AC43 /* Sources */ = {
			isa = PBXSourcesBuildPhase;
			buildActionMask = 2147483647;
			files = (
				B06CBB5A25A958510009AC43 /* ContentView.swift in Sources */,
				B06CBB5825A958510009AC43 /* SampleApp.swift in Sources */,
				B022BB3C25A95B3100E4BE02 /* CircleImage.swift in Sources */,
			);
			runOnlyForDeploymentPostprocessing = 0;
		};
		B06CBB6125A958510009AC43 /* Sources */ = {
			isa = PBXSourcesBuildPhase;
			buildActionMask = 2147483647;
			files = (
				B06CBB6A25A958510009AC43 /* SampleTests.swift in Sources */,
			);
			runOnlyForDeploymentPostprocessing = 0;
		};
		B06CBB6C25A958510009AC43 /* Sources */ = {
			isa = PBXSourcesBuildPhase;
			buildActionMask = 2147483647;
			files = (
				B06CBB7525A958510009AC43 /* SampleUITests.swift in Sources */,
			);
			runOnlyForDeploymentPostprocessing = 0;
		};
/* End PBXSourcesBuildPhase section */

/* Begin PBXTargetDependency section */
		B06CBB6725A958510009AC43 /* PBXTargetDependency */ = {
			isa = PBXTargetDependency;
			target = B06CBB5325A958510009AC43 /* Sample */;
			targetProxy = B06CBB6625A958510009AC43 /* PBXContainerItemProxy */;
		};
		B06CBB7225A958510009AC43 /* PBXTargetDependency */ = {
			isa = PBXTargetDependency;
			target = B06CBB5325A958510009AC43 /* Sample */;
			targetProxy = B06CBB7125A958510009AC43 /* PBXContainerItemProxy */;
		};
/* End PBXTargetDependency section */

/* Begin XCBuildConfiguration section */
		B06CBB7725A958510009AC43 /* Debug */ = {
			isa = XCBuildConfiguration;
			buildSettings = {
				ALWAYS_SEARCH_USER_PATHS = NO;
				CLANG_ANALYZER_NONNULL = YES;
				CLANG_ANALYZER_NUMBER_OBJECT_CONVERSION = YES_AGGRESSIVE;
				CLANG_CXX_LANGUAGE_STANDARD = "gnu++14";
				CLANG_CXX_LIBRARY = "libc++";
				CLANG_ENABLE_MODULES = YES;
				CLANG_ENABLE_OBJC_ARC = YES;
				CLANG_ENABLE_OBJC_WEAK = YES;
				CLANG_WARN_BLOCK_CAPTURE_AUTORELEASING = YES;
				CLANG_WARN_BOOL_CONVERSION = YES;
				CLANG_WARN_COMMA = YES;
				CLANG_WARN_CONSTANT_CONVERSION = YES;
				CLANG_WARN_DEPRECATED_OBJC_IMPLEMENTATIONS = YES;
				CLANG_WARN_DIRECT_OBJC_ISA_USAGE = YES_ERROR;
				CLANG_WARN_DOCUMENTATION_COMMENTS = YES;
				CLANG_WARN_EMPTY_BODY = YES;
				CLANG_WARN_ENUM_CONVERSION = YES;
				CLANG_WARN_INFINITE_RECURSION = YES;
				CLANG_WARN_INT_CONVERSION = YES;
				CLANG_WARN_NON_LITERAL_NULL_CONVERSION = YES;
				CLANG_WARN_OBJC_IMPLICIT_RETAIN_SELF = YES;
				CLANG_WARN_OBJC_LITERAL_CONVERSION = YES;
				CLANG_WARN_OBJC_ROOT_CLASS = YES_ERROR;
				CLANG_WARN_QUOTED_INCLUDE_IN_FRAMEWORK_HEADER = YES;
				CLANG_WARN_RANGE_LOOP_ANALYSIS = YES;
				CLANG_WARN_STRICT_PROTOTYPES = YES;
				CLANG_WARN_SUSPICIOUS_MOVE = YES;
				CLANG_WARN_UNGUARDED_AVAILABILITY = YES_AGGRESSIVE;
				CLANG_WARN_UNREACHABLE_CODE = YES;
				CLANG_WARN__DUPLICATE_METHOD_MATCH = YES;
				COPY_PHASE_STRIP = NO;
				DEBUG_INFORMATION_FORMAT = dwarf;
				ENABLE_STRICT_OBJC_MSGSEND = YES;
				ENABLE_TESTABILITY = YES;
				GCC_C_LANGUAGE_STANDARD = gnu11;
				GCC_DYNAMIC_NO_PIC = NO;
				GCC_NO_COMMON_BLOCKS = YES;
				GCC_OPTIMIZATION_LEVEL = 0;
				GCC_PREPROCESSOR_DEFINITIONS = (
					"DEBUG=1",
					"$(inherited)",
				);
				GCC_WARN_64_TO_32_BIT_CONVERSION = YES;
				GCC_WARN_ABOUT_RETURN_TYPE = YES_ERROR;
				GCC_WARN_UNDECLARED_SELECTOR = YES;
				GCC_WARN_UNINITIALIZED_AUTOS = YES_AGGRESSIVE;
				GCC_WARN_UNUSED_FUNCTION = YES;
				GCC_WARN_UNUSED_VARIABLE = YES;
				IPHONEOS_DEPLOYMENT_TARGET = 14.3;
				MTL_ENABLE_DEBUG_INFO = INCLUDE_SOURCE;
				MTL_FAST_MATH = YES;
				ONLY_ACTIVE_ARCH = YES;
				SDKROOT = iphoneos;
				SWIFT_ACTIVE_COMPILATION_CONDITIONS = DEBUG;
				SWIFT_OPTIMIZATION_LEVEL = "-Onone";
			};
			name = Debug;
		};
		B06CBB7825A958510009AC43 /* Release */ = {
			isa = XCBuildConfiguration;
			buildSettings = {
				ALWAYS_SEARCH_USER_PATHS = NO;
				CLANG_ANALYZER_NONNULL = YES;
				CLANG_ANALYZER_NUMBER_OBJECT_CONVERSION = YES_AGGRESSIVE;
				CLANG_CXX_LANGUAGE_STANDARD = "gnu++14";
				CLANG_CXX_LIBRARY = "libc++";
				CLANG_ENABLE_MODULES = YES;
				CLANG_ENABLE_OBJC_ARC = YES;
				CLANG_ENABLE_OBJC_WEAK = YES;
				CLANG_WARN_BLOCK_CAPTURE_AUTORELEASING = YES;
				CLANG_WARN_BOOL_CONVERSION = YES;
				CLANG_WARN_COMMA = YES;
				CLANG_WARN_CONSTANT_CONVERSION = YES;
				CLANG_WARN_DEPRECATED_OBJC_IMPLEMENTATIONS = YES;
				CLANG_WARN_DIRECT_OBJC_ISA_USAGE = YES_ERROR;
				CLANG_WARN_DOCUMENTATION_COMMENTS = YES;
				CLANG_WARN_EMPTY_BODY = YES;
				CLANG_WARN_ENUM_CONVERSION = YES;
				CLANG_WARN_INFINITE_RECURSION = YES;
				CLANG_WARN_INT_CONVERSION = YES;
				CLANG_WARN_NON_LITERAL_NULL_CONVERSION = YES;
				CLANG_WARN_OBJC_IMPLICIT_RETAIN_SELF = YES;
				CLANG_WARN_OBJC_LITERAL_CONVERSION = YES;
				CLANG_WARN_OBJC_ROOT_CLASS = YES_ERROR;
				CLANG_WARN_QUOTED_INCLUDE_IN_FRAMEWORK_HEADER = YES;
				CLANG_WARN_RANGE_LOOP_ANALYSIS = YES;
				CLANG_WARN_STRICT_PROTOTYPES = YES;
				CLANG_WARN_SUSPICIOUS_MOVE = YES;
				CLANG_WARN_UNGUARDED_AVAILABILITY = YES_AGGRESSIVE;
				CLANG_WARN_UNREACHABLE_CODE = YES;
				CLANG_WARN__DUPLICATE_METHOD_MATCH = YES;
				COPY_PHASE_STRIP = NO;
				DEBUG_INFORMATION_FORMAT = "dwarf-with-dsym";
				ENABLE_NS_ASSERTIONS = NO;
				ENABLE_STRICT_OBJC_MSGSEND = YES;
				GCC_C_LANGUAGE_STANDARD = gnu11;
				GCC_NO_COMMON_BLOCKS = YES;
				GCC_WARN_64_TO_32_BIT_CONVERSION = YES;
				GCC_WARN_ABOUT_RETURN_TYPE = YES_ERROR;
				GCC_WARN_UNDECLARED_SELECTOR = YES;
				GCC_WARN_UNINITIALIZED_AUTOS = YES_AGGRESSIVE;
				GCC_WARN_UNUSED_FUNCTION = YES;
				GCC_WARN_UNUSED_VARIABLE = YES;
				IPHONEOS_DEPLOYMENT_TARGET = 14.3;
				MTL_ENABLE_DEBUG_INFO = NO;
				MTL_FAST_MATH = YES;
				SDKROOT = iphoneos;
				SWIFT_COMPILATION_MODE = wholemodule;
				SWIFT_OPTIMIZATION_LEVEL = "-O";
				VALIDATE_PRODUCT = YES;
			};
			name = Release;
		};
		B06CBB7A25A958510009AC43 /* Debug */ = {
			isa = XCBuildConfiguration;
			buildSettings = {
				ASSETCATALOG_COMPILER_APPICON_NAME = AppIcon;
				ASSETCATALOG_COMPILER_GLOBAL_ACCENT_COLOR_NAME = AccentColor;
				CODE_SIGN_STYLE = Automatic;
				DEVELOPMENT_ASSET_PATHS = "\"Sample/Preview Content\"";
				ENABLE_PREVIEWS = YES;
				INFOPLIST_FILE = Sample/Info.plist;
				IPHONEOS_DEPLOYMENT_TARGET = 14.0;
				LD_RUNPATH_SEARCH_PATHS = (
					"$(inherited)",
					"@executable_path/Frameworks",
				);
				PRODUCT_BUNDLE_IDENTIFIER = com.example.Sample;
				PRODUCT_NAME = "$(TARGET_NAME)";
				SWIFT_VERSION = 5.0;
				TARGETED_DEVICE_FAMILY = "1,2";
			};
			name = Debug;
		};
		B06CBB7B25A958510009AC43 /* Release */ = {
			isa = XCBuildConfiguration;
			buildSettings = {
				ASSETCATALOG_COMPILER_APPICON_NAME = AppIcon;
				ASSETCATALOG_COMPILER_GLOBAL_ACCENT_COLOR_NAME = AccentColor;
				CODE_SIGN_STYLE = Automatic;
				DEVELOPMENT_ASSET_PATHS = "\"Sample/Preview Content\"";
				ENABLE_PREVIEWS = YES;
				INFOPLIST_FILE = Sample/Info.plist;
				IPHONEOS_DEPLOYMENT_TARGET = 14.0;
				LD_RUNPATH_SEARCH_PATHS = (
					"$(inherited)",
					"@executable_path/Frameworks",
				);
				PRODUCT_BUNDLE_IDENTIFIER = com.example.Sample;
				PRODUCT_NAME = "$(TARGET_NAME)";
				SWIFT_VERSION = 5.0;
				TARGETED_DEVICE_FAMILY = "1,2";
			};
			name = Release;
		};
		B06CBB7D25A958510009AC43 /* Debug */ = {
			isa = XCBuildConfiguration;
			buildSettings = {
				ALWAYS_EMBED_SWIFT_STANDARD_LIBRARIES = YES;
				BUNDLE_LOADER = "$(TEST_HOST)";
				CODE_SIGN_STYLE = Automatic;
				INFOPLIST_FILE = SampleTests/Info.plist;
				IPHONEOS_DEPLOYMENT_TARGET = 14.0;
				LD_RUNPATH_SEARCH_PATHS = (
					"$(inherited)",
					"@executable_path/Frameworks",
					"@loader_path/Frameworks",
				);
				PRODUCT_BUNDLE_IDENTIFIER = com.example.SampleTests;
				PRODUCT_NAME = "$(TARGET_NAME)";
				SWIFT_VERSION = 5.0;
				TARGETED_DEVICE_FAMILY = "1,2";
				TEST_HOST = "$(BUILT_PRODUCTS_DIR)/Sample.app/Sample";
			};
			name = Debug;
		};
		B06CBB7E25A958510009AC43 /* Release */ = {
			isa = XCBuildConfiguration;
			buildSettings = {
				ALWAYS_EMBED_SWIFT_STANDARD_LIBRARIES = YES;
				BUNDLE_LOADER = "$(TEST_HOST)";
				CODE_SIGN_STYLE = Automatic;
				INFOPLIST_FILE = SampleTests/Info.plist;
				IPHONEOS_DEPLOYMENT_TARGET = 14.0;
				LD_RUNPATH_SEARCH_PATHS = (
					"$(inherited)",
					"@executable_path/Frameworks",
					"@loader_path/Frameworks",
				);
				PRODUCT_BUNDLE_IDENTIFIER = com.example.SampleTests;
				PRODUCT_NAME = "$(TARGET_NAME)";
				SWIFT_VERSION = 5.0;
				TARGETED_DEVICE_FAMILY = "1,2";
				TEST_HOST = "$(BUILT_PRODUCTS_DIR)/Sample.app/Sample";
			};
			name = Release;
		};
		B06CBB8025A958510009AC43 /* Debug */ = {
			isa = XCBuildConfiguration;
			buildSettings = {
				ALWAYS_EMBED_SWIFT_STANDARD_LIBRARIES = YES;
				CODE_SIGN_STYLE = Automatic;
				INFOPLIST_FILE = SampleUITests/Info.plist;
				LD_RUNPATH_SEARCH_PATHS = (
					"$(inherited)",
					"@executable_path/Frameworks",
					"@loader_path/Frameworks",
				);
				PRODUCT_BUNDLE_IDENTIFIER = com.example.SampleUITests;
				PRODUCT_NAME = "$(TARGET_NAME)";
				SWIFT_VERSION = 5.0;
				TARGETED_DEVICE_FAMILY = "1,2";
				TEST_TARGET_NAME = Sample;
			};
			name = Debug;
		};
		B06CBB8125A958510009AC43 /* Release */ = {
			isa = XCBuildConfiguration;
			buildSettings = {
				ALWAYS_EMBED_SWIFT_STANDARD_LIBRARIES = YES;
				CODE_SIGN_STYLE = Automatic;
				INFOPLIST_FILE = SampleUITests/Info.plist;
				LD_RUNPATH_SEARCH_PATHS = (
					"$(inherited)",
					"@executable_path/Frameworks",
					"@loader_path/Frameworks",
				);
				PRODUCT_BUNDLE_IDENTIFIER = com.example.SampleUITests;
				PRODUCT_NAME = "$(TARGET_NAME)";
				SWIFT_VERSION = 5.0;
				TARGETED_DEVICE_FAMILY = "1,2";
				TEST_TARGET_NAME = Sample;
			};
			name = Release;
		};
/* End XCBuildConfiguration section */

/* Begin XCConfigurationList section */
		B06CBB4F25A958500009AC43 /* Build configuration list for PBXProject "Sample" */ = {
			isa = XCConfigurationList;
			buildConfigurations = (
				B06CBB7725A958510009AC43 /* Debug */,
				B06CBB7825A958510009AC43 /* Release */,
			);
			defaultConfigurationIsVisible = 0;
			defaultConfigurationName = Release;
		};
		B06CBB7925A958510009AC43 /* Build configuration list for PBXNativeTarget "Sample" */ = {
			isa = XCConfigurationList;
			buildConfigurations = (
				B06CBB7A25A958510009AC43 /* Debug */,
				B06CBB7B25A958510009AC43 /* Release */,
			);
			defaultConfigurationIsVisible = 0;
			defaultConfigurationName = Release;
		};
		B06CBB7C25A958510009AC43 /* Build configuration list for PBXNativeTarget "SampleTests" */ = {
			isa = XCConfigurationList;
			buildConfigurations = (
				B06CBB7D25A958510009AC43 /* Debug */,
				B06CBB7E25A958510009AC43 /* Release */,
			);
			defaultConfigurationIsVisible = 0;
			defaultConfigurationName = Release;
		};
		B06CBB7F25A958510009AC43 /* Build configuration list for PBXNativeTarget "SampleUITests" */ = {
			isa = XCConfigurationList;
			buildConfigurations = (
				B06CBB8025A958510009AC43 /* Debug */,
				B06CBB8125A958510009AC43 /* Release */,
			);
			defaultConfigurationIsVisible = 0;
			defaultConfigurationName = Release;
		};
/* End XCConfigurationList section */
	};
	rootObject = B06CBB4C25A958500009AC43 /* Project object */;
}
